
Microsoft Visual Studio Solution File, Format Version 12.00
# Visual Studio Version 17
VisualStudioVersion = 17.11.35303.130
MinimumVisualStudioVersion = 10.0.40219.1
Project("{FAE04EC0-301F-11D3-BF4B-00C04F79EFBC}") = "ConsoleApp32", "ConsoleApp32.csproj", "{EEDF2FB8-0389-4079-ABEC-06219905EB3D}"
EndProject
Global
	GlobalSection(SolutionConfigurationPlatforms) = preSolution
		Debug|Any CPU = Debug|Any CPU
		Release|Any CPU = Release|Any CPU
	EndGlobalSection
	GlobalSection(ProjectConfigurationPlatforms) = postSolution
		{EEDF2FB8-0389-4079-ABEC-06219905EB3D}.Debug|Any CPU.ActiveCfg = Debug|Any CPU
		{EEDF2FB8-0389-4079-ABEC-06219905EB3D}.Debug|Any CPU.Build.0 = Debug|Any CPU
		{EEDF2FB8-0389-4079-ABEC-06219905EB3D}.Release|Any CPU.ActiveCfg = Release|Any CPU
		{EEDF2FB8-0389-4079-ABEC-06219905EB3D}.Release|Any CPU.Build.0 = Release|Any CPU
	EndGlobalSection
	GlobalSection(SolutionProperties) = preSolution
		HideSolutionNode = FALSE
	EndGlobalSection
	GlobalSection(ExtensibilityGlobals) = postSolution
		SolutionGuid = {2A36BD5A-BFB5-4FA6-A416-346426A5DB1F}
	EndGlobalSection
EndGlobal
